{
  "version": 4,
  "terraform_version": "1.6.6",
  "serial": 4,
  "lineage": "2e8e88cc-5246-35e2-5f3b-7435f7dc7bf1",
  "outputs": {},
  "resources": [
    {
      "module": "module.vnet",
      "mode": "managed",
      "type": "azurerm_virtual_network",
      "name": "vnet",
      "provider": "provider[\"registry.terraform.io/hashicorp/azurerm\"]",
      "instances": [
        {
          "schema_version": 0,
          "attributes": {
            "address_space": [
              "10.0.0.0/16"
            ],
            "bgp_community": "",
            "ddos_protection_plan": [],
            "dns_servers": [
              "8.8.8.8",
              "8.8.4.4"
            ],
            "edge_zone": "",
            "encryption": [],
            "flow_timeout_in_minutes": 0,
            "guid": "7e23e4b1-5a59-43ee-a851-c148f0bfd469",
            "id": "/subscriptions/c5e3db12-9c48-4e72-9840-6dc393c09268/resourceGroups/learn-906b846f-0065-46f7-b819-6d845d0e2d2d/providers/Microsoft.Network/virtualNetworks/example-vnet",
            "location": "westus",
            "name": "example-vnet",
            "resource_group_name": "learn-906b846f-0065-46f7-b819-6d845d0e2d2d",
            "subnet": [
              {
                "address_prefix": "10.0.2.0/24",
                "id": "/subscriptions/c5e3db12-9c48-4e72-9840-6dc393c09268/resourceGroups/learn-906b846f-0065-46f7-b819-6d845d0e2d2d/providers/Microsoft.Network/virtualNetworks/example-vnet/subnets/subnet1",
                "name": "subnet1",
                "security_group": ""
              }
            ],
            "tags": null,
            "timeouts": null
          },
          "sensitive_attributes": [],
          "private": "eyJlMmJmYjczMC1lY2FhLTExZTYtOGY4OC0zNDM2M2JjN2M0YzAiOnsiY3JlYXRlIjoxODAwMDAwMDAwMDAwLCJkZWxldGUiOjE4MDAwMDAwMDAwMDAsInJlYWQiOjMwMDAwMDAwMDAwMCwidXBkYXRlIjoxODAwMDAwMDAwMDAwfX0="
        }
      ]
    }
  ],
  "check_results": null
}
